
Microsoft Visual Studio Solution File, Format Version 12.00
# Visual Studio 15
VisualStudioVersion = 15.0.27428.2005
MinimumVisualStudioVersion = 10.0.40219.1
Project("{FAE04EC0-301F-11D3-BF4B-00C04F79EFBC}") = "Dot.Task_04", "Dot.Task_04\Dot.Task_04.csproj", "{C6435B6B-EE9F-40F3-92C8-42EE0B368C0F}"
EndProject
Global
	GlobalSection(SolutionConfigurationPlatforms) = preSolution
		Debug|Any CPU = Debug|Any CPU
		Release|Any CPU = Release|Any CPU
	EndGlobalSection
	GlobalSection(ProjectConfigurationPlatforms) = postSolution
		{C6435B6B-EE9F-40F3-92C8-42EE0B368C0F}.Debug|Any CPU.ActiveCfg = Debug|Any CPU
		{C6435B6B-EE9F-40F3-92C8-42EE0B368C0F}.Debug|Any CPU.Build.0 = Debug|Any CPU
		{C6435B6B-EE9F-40F3-92C8-42EE0B368C0F}.Release|Any CPU.ActiveCfg = Release|Any CPU
		{C6435B6B-EE9F-40F3-92C8-42EE0B368C0F}.Release|Any CPU.Build.0 = Release|Any CPU
	EndGlobalSection
	GlobalSection(SolutionProperties) = preSolution
		HideSolutionNode = FALSE
	EndGlobalSection
	GlobalSection(ExtensibilityGlobals) = postSolution
		SolutionGuid = {8B9BBE67-237D-4128-BE96-C2B21708B8E7}
	EndGlobalSection
EndGlobal
